
Microsoft Visual Studio Solution File, Format Version 12.00
# Visual Studio 2012
Project("{FAE04EC0-301F-11D3-BF4B-00C04F79EFBC}") = "WindowsFormsApplication1", "WindowsFormsApplication1\WindowsFormsApplication1.csproj", "{AA1EF221-D056-49BC-96DD-814CB6F459D9}"
EndProject
Project("{2150E333-8FDC-42A3-9474-1A3956D46DE8}") = "Solution Items", "Solution Items", "{56BFF6BD-3F39-4DD8-9BB2-C6059E0A88B4}"
	ProjectSection(SolutionItems) = preProject
		..\..\..\..\Downloads\zedgraph_dll_v515\zedgraph_dll_v515\zedgraph_dll_v5.1.5\ZedGraph.dll = ..\..\..\..\Downloads\zedgraph_dll_v515\zedgraph_dll_v515\zedgraph_dll_v5.1.5\ZedGraph.dll
	EndProjectSection
EndProject
Global
	GlobalSection(SolutionConfigurationPlatforms) = preSolution
		Debug|Any CPU = Debug|Any CPU
		Release|Any CPU = Release|Any CPU
	EndGlobalSection
	GlobalSection(ProjectConfigurationPlatforms) = postSolution
		{AA1EF221-D056-49BC-96DD-814CB6F459D9}.Debug|Any CPU.ActiveCfg = Debug|Any CPU
		{AA1EF221-D056-49BC-96DD-814CB6F459D9}.Debug|Any CPU.Build.0 = Debug|Any CPU
		{AA1EF221-D056-49BC-96DD-814CB6F459D9}.Release|Any CPU.ActiveCfg = Release|Any CPU
		{AA1EF221-D056-49BC-96DD-814CB6F459D9}.Release|Any CPU.Build.0 = Release|Any CPU
	EndGlobalSection
	GlobalSection(SolutionProperties) = preSolution
		HideSolutionNode = FALSE
	EndGlobalSection
EndGlobal
