
Microsoft Visual Studio Solution File, Format Version 12.00
# Visual Studio 2012
Project("{FAE04EC0-301F-11D3-BF4B-00C04F79EFBC}") = "Indeksator", "Indeksator\Indeksator.csproj", "{9A64A438-4030-455A-A343-D04ED377E99D}"
EndProject
Global
	GlobalSection(SolutionConfigurationPlatforms) = preSolution
		Debug|Any CPU = Debug|Any CPU
		Release|Any CPU = Release|Any CPU
	EndGlobalSection
	GlobalSection(ProjectConfigurationPlatforms) = postSolution
		{9A64A438-4030-455A-A343-D04ED377E99D}.Debug|Any CPU.ActiveCfg = Debug|Any CPU
		{9A64A438-4030-455A-A343-D04ED377E99D}.Debug|Any CPU.Build.0 = Debug|Any CPU
		{9A64A438-4030-455A-A343-D04ED377E99D}.Release|Any CPU.ActiveCfg = Release|Any CPU
		{9A64A438-4030-455A-A343-D04ED377E99D}.Release|Any CPU.Build.0 = Release|Any CPU
	EndGlobalSection
	GlobalSection(SolutionProperties) = preSolution
		HideSolutionNode = FALSE
	EndGlobalSection
EndGlobal
